Microsoft Visual Studio Solution File, Format Version 11.00
# Visual Studio 2008

Project("{81C3B080-DAD5-37DE-7E10-E0987A4BF52E}") = "mysql", "Assembly-CSharp.csproj", "{35997C84-3641-739F-5A29-B4A2FA8D97F7}"
EndProject
Global
	GlobalSection(SolutionConfigurationPlatforms) = preSolution
		Debug|Any CPU = Debug|Any CPU
		Release|Any CPU = Release|Any CPU
	EndGlobalSection
	GlobalSection(ProjectConfigurationPlatforms) = postSolution
		{35997C84-3641-739F-5A29-B4A2FA8D97F7}.Debug|Any CPU.ActiveCfg = Debug|Any CPU
		{35997C84-3641-739F-5A29-B4A2FA8D97F7}.Debug|Any CPU.Build.0 = Debug|Any CPU
		{35997C84-3641-739F-5A29-B4A2FA8D97F7}.Release|Any CPU.ActiveCfg = Release|Any CPU
		{35997C84-3641-739F-5A29-B4A2FA8D97F7}.Release|Any CPU.Build.0 = Release|Any CPU
	EndGlobalSection
	GlobalSection(SolutionProperties) = preSolution
		HideSolutionNode = FALSE
	EndGlobalSection
	GlobalSection(MonoDevelopProperties) = preSolution
		StartupItem = Assembly-CSharp.csproj
	EndGlobalSection
EndGlobal
