Microsoft Visual Studio Solution File, Format Version 11.00
# Visual Studio 2008

Project("{4DF569B0-F18F-742C-D5BE-60CA8FBB7334}") = "回合制对战游戏", "Assembly-CSharp.csproj", "{BEC475A4-3521-88BD-CC46-1CD822486ED9}"
EndProject
Global
	GlobalSection(SolutionConfigurationPlatforms) = preSolution
		Debug|Any CPU = Debug|Any CPU
		Release|Any CPU = Release|Any CPU
	EndGlobalSection
	GlobalSection(ProjectConfigurationPlatforms) = postSolution
		{BEC475A4-3521-88BD-CC46-1CD822486ED9}.Debug|Any CPU.ActiveCfg = Debug|Any CPU
		{BEC475A4-3521-88BD-CC46-1CD822486ED9}.Debug|Any CPU.Build.0 = Debug|Any CPU
		{BEC475A4-3521-88BD-CC46-1CD822486ED9}.Release|Any CPU.ActiveCfg = Release|Any CPU
		{BEC475A4-3521-88BD-CC46-1CD822486ED9}.Release|Any CPU.Build.0 = Release|Any CPU
	EndGlobalSection
	GlobalSection(SolutionProperties) = preSolution
		HideSolutionNode = FALSE
	EndGlobalSection
	GlobalSection(MonoDevelopProperties) = preSolution
		StartupItem = Assembly-CSharp.csproj
	EndGlobalSection
EndGlobal
